
Microsoft Visual Studio Solution File, Format Version 12.00
# Visual Studio Version 17
VisualStudioVersion = 17.3.32922.545
MinimumVisualStudioVersion = 10.0.40219.1
Project("{FAE04EC0-301F-11D3-BF4B-00C04F79EFBC}") = "Pierwszy", "Pierwszy\Pierwszy.csproj", "{C9415FE7-1ABD-48D5-A516-D4FC8C716173}"
EndProject
Global
	GlobalSection(SolutionConfigurationPlatforms) = preSolution
		Debug|Any CPU = Debug|Any CPU
		Release|Any CPU = Release|Any CPU
	EndGlobalSection
	GlobalSection(ProjectConfigurationPlatforms) = postSolution
		{C9415FE7-1ABD-48D5-A516-D4FC8C716173}.Debug|Any CPU.ActiveCfg = Debug|Any CPU
		{C9415FE7-1ABD-48D5-A516-D4FC8C716173}.Debug|Any CPU.Build.0 = Debug|Any CPU
		{C9415FE7-1ABD-48D5-A516-D4FC8C716173}.Release|Any CPU.ActiveCfg = Release|Any CPU
		{C9415FE7-1ABD-48D5-A516-D4FC8C716173}.Release|Any CPU.Build.0 = Release|Any CPU
	EndGlobalSection
	GlobalSection(SolutionProperties) = preSolution
		HideSolutionNode = FALSE
	EndGlobalSection
	GlobalSection(ExtensibilityGlobals) = postSolution
		SolutionGuid = {02AB8D0E-CDBF-43FA-83BE-27F2FC4DA11A}
	EndGlobalSection
EndGlobal
