
Microsoft Visual Studio Solution File, Format Version 12.00
# Visual Studio Version 16
VisualStudioVersion = 16.0.31624.102
MinimumVisualStudioVersion = 10.0.40219.1
Project("{FAE04EC0-301F-11D3-BF4B-00C04F79EFBC}") = "Emerytura", "Emerytura\Emerytura.csproj", "{1B425FE3-8A0A-4C8B-94F3-8272068AD974}"
EndProject
Global
	GlobalSection(SolutionConfigurationPlatforms) = preSolution
		Debug|Any CPU = Debug|Any CPU
		Release|Any CPU = Release|Any CPU
	EndGlobalSection
	GlobalSection(ProjectConfigurationPlatforms) = postSolution
		{1B425FE3-8A0A-4C8B-94F3-8272068AD974}.Debug|Any CPU.ActiveCfg = Debug|Any CPU
		{1B425FE3-8A0A-4C8B-94F3-8272068AD974}.Debug|Any CPU.Build.0 = Debug|Any CPU
		{1B425FE3-8A0A-4C8B-94F3-8272068AD974}.Release|Any CPU.ActiveCfg = Release|Any CPU
		{1B425FE3-8A0A-4C8B-94F3-8272068AD974}.Release|Any CPU.Build.0 = Release|Any CPU
	EndGlobalSection
	GlobalSection(SolutionProperties) = preSolution
		HideSolutionNode = FALSE
	EndGlobalSection
	GlobalSection(ExtensibilityGlobals) = postSolution
		SolutionGuid = {03B5F0FF-6F4B-4656-9D36-8C09264B8994}
	EndGlobalSection
EndGlobal
