
Microsoft Visual Studio Solution File, Format Version 12.00
# Visual Studio Version 16
VisualStudioVersion = 16.0.31624.102
MinimumVisualStudioVersion = 10.0.40219.1
Project("{FAE04EC0-301F-11D3-BF4B-00C04F79EFBC}") = "Goto", "Goto\Goto.csproj", "{AA15250C-3C21-468D-A161-88E7B81EB961}"
EndProject
Global
	GlobalSection(SolutionConfigurationPlatforms) = preSolution
		Debug|Any CPU = Debug|Any CPU
		Release|Any CPU = Release|Any CPU
	EndGlobalSection
	GlobalSection(ProjectConfigurationPlatforms) = postSolution
		{AA15250C-3C21-468D-A161-88E7B81EB961}.Debug|Any CPU.ActiveCfg = Debug|Any CPU
		{AA15250C-3C21-468D-A161-88E7B81EB961}.Debug|Any CPU.Build.0 = Debug|Any CPU
		{AA15250C-3C21-468D-A161-88E7B81EB961}.Release|Any CPU.ActiveCfg = Release|Any CPU
		{AA15250C-3C21-468D-A161-88E7B81EB961}.Release|Any CPU.Build.0 = Release|Any CPU
	EndGlobalSection
	GlobalSection(SolutionProperties) = preSolution
		HideSolutionNode = FALSE
	EndGlobalSection
	GlobalSection(ExtensibilityGlobals) = postSolution
		SolutionGuid = {8B9238D4-749B-4B2F-AEA9-EE7C9A49EF71}
	EndGlobalSection
EndGlobal
